
Microsoft Visual Studio Solution File, Format Version 12.00
# Visual Studio 15
VisualStudioVersion = 15.0.26124.0
MinimumVisualStudioVersion = 15.0.26124.0
Project("{FAE04EC0-301F-11D3-BF4B-00C04F79EFBC}") = "HttpConsole", "HttpConsole\HttpConsole.csproj", "{AF2FD4DE-9F54-4D37-8AE9-658AD454FD1F}"
EndProject
Project("{FAE04EC0-301F-11D3-BF4B-00C04F79EFBC}") = "HttpTests", "HttpTests\HttpTests.csproj", "{2CC6F94D-9D3E-41ED-B06C-8DE8A2275BDA}"
EndProject
Project("{FAE04EC0-301F-11D3-BF4B-00C04F79EFBC}") = "SomeHttpCli", "SomeHttpCli\SomeHttpCli.csproj", "{5B87FB7D-8C64-4246-B45F-81C54F4C60FF}"
EndProject
Global
	GlobalSection(SolutionConfigurationPlatforms) = preSolution
		Debug|Any CPU = Debug|Any CPU
		Debug|x64 = Debug|x64
		Debug|x86 = Debug|x86
		Release|Any CPU = Release|Any CPU
		Release|x64 = Release|x64
		Release|x86 = Release|x86
	EndGlobalSection
	GlobalSection(SolutionProperties) = preSolution
		HideSolutionNode = FALSE
	EndGlobalSection
	GlobalSection(ProjectConfigurationPlatforms) = postSolution
		{AF2FD4DE-9F54-4D37-8AE9-658AD454FD1F}.Debug|Any CPU.ActiveCfg = Debug|Any CPU
		{AF2FD4DE-9F54-4D37-8AE9-658AD454FD1F}.Debug|Any CPU.Build.0 = Debug|Any CPU
		{AF2FD4DE-9F54-4D37-8AE9-658AD454FD1F}.Debug|x64.ActiveCfg = Debug|Any CPU
		{AF2FD4DE-9F54-4D37-8AE9-658AD454FD1F}.Debug|x64.Build.0 = Debug|Any CPU
		{AF2FD4DE-9F54-4D37-8AE9-658AD454FD1F}.Debug|x86.ActiveCfg = Debug|Any CPU
		{AF2FD4DE-9F54-4D37-8AE9-658AD454FD1F}.Debug|x86.Build.0 = Debug|Any CPU
		{AF2FD4DE-9F54-4D37-8AE9-658AD454FD1F}.Release|Any CPU.ActiveCfg = Release|Any CPU
		{AF2FD4DE-9F54-4D37-8AE9-658AD454FD1F}.Release|Any CPU.Build.0 = Release|Any CPU
		{AF2FD4DE-9F54-4D37-8AE9-658AD454FD1F}.Release|x64.ActiveCfg = Release|Any CPU
		{AF2FD4DE-9F54-4D37-8AE9-658AD454FD1F}.Release|x64.Build.0 = Release|Any CPU
		{AF2FD4DE-9F54-4D37-8AE9-658AD454FD1F}.Release|x86.ActiveCfg = Release|Any CPU
		{AF2FD4DE-9F54-4D37-8AE9-658AD454FD1F}.Release|x86.Build.0 = Release|Any CPU
		{2CC6F94D-9D3E-41ED-B06C-8DE8A2275BDA}.Debug|Any CPU.ActiveCfg = Debug|Any CPU
		{2CC6F94D-9D3E-41ED-B06C-8DE8A2275BDA}.Debug|Any CPU.Build.0 = Debug|Any CPU
		{2CC6F94D-9D3E-41ED-B06C-8DE8A2275BDA}.Debug|x64.ActiveCfg = Debug|Any CPU
		{2CC6F94D-9D3E-41ED-B06C-8DE8A2275BDA}.Debug|x64.Build.0 = Debug|Any CPU
		{2CC6F94D-9D3E-41ED-B06C-8DE8A2275BDA}.Debug|x86.ActiveCfg = Debug|Any CPU
		{2CC6F94D-9D3E-41ED-B06C-8DE8A2275BDA}.Debug|x86.Build.0 = Debug|Any CPU
		{2CC6F94D-9D3E-41ED-B06C-8DE8A2275BDA}.Release|Any CPU.ActiveCfg = Release|Any CPU
		{2CC6F94D-9D3E-41ED-B06C-8DE8A2275BDA}.Release|Any CPU.Build.0 = Release|Any CPU
		{2CC6F94D-9D3E-41ED-B06C-8DE8A2275BDA}.Release|x64.ActiveCfg = Release|Any CPU
		{2CC6F94D-9D3E-41ED-B06C-8DE8A2275BDA}.Release|x64.Build.0 = Release|Any CPU
		{2CC6F94D-9D3E-41ED-B06C-8DE8A2275BDA}.Release|x86.ActiveCfg = Release|Any CPU
		{2CC6F94D-9D3E-41ED-B06C-8DE8A2275BDA}.Release|x86.Build.0 = Release|Any CPU
		{5B87FB7D-8C64-4246-B45F-81C54F4C60FF}.Debug|Any CPU.ActiveCfg = Debug|Any CPU
		{5B87FB7D-8C64-4246-B45F-81C54F4C60FF}.Debug|Any CPU.Build.0 = Debug|Any CPU
		{5B87FB7D-8C64-4246-B45F-81C54F4C60FF}.Debug|x64.ActiveCfg = Debug|Any CPU
		{5B87FB7D-8C64-4246-B45F-81C54F4C60FF}.Debug|x64.Build.0 = Debug|Any CPU
		{5B87FB7D-8C64-4246-B45F-81C54F4C60FF}.Debug|x86.ActiveCfg = Debug|Any CPU
		{5B87FB7D-8C64-4246-B45F-81C54F4C60FF}.Debug|x86.Build.0 = Debug|Any CPU
		{5B87FB7D-8C64-4246-B45F-81C54F4C60FF}.Release|Any CPU.ActiveCfg = Release|Any CPU
		{5B87FB7D-8C64-4246-B45F-81C54F4C60FF}.Release|Any CPU.Build.0 = Release|Any CPU
		{5B87FB7D-8C64-4246-B45F-81C54F4C60FF}.Release|x64.ActiveCfg = Release|Any CPU
		{5B87FB7D-8C64-4246-B45F-81C54F4C60FF}.Release|x64.Build.0 = Release|Any CPU
		{5B87FB7D-8C64-4246-B45F-81C54F4C60FF}.Release|x86.ActiveCfg = Release|Any CPU
		{5B87FB7D-8C64-4246-B45F-81C54F4C60FF}.Release|x86.Build.0 = Release|Any CPU
	EndGlobalSection
EndGlobal
